
Microsoft Visual Studio Solution File, Format Version 12.00
# Visual Studio 2013
VisualStudioVersion = 12.0.30723.0
MinimumVisualStudioVersion = 10.0.40219.1
Project("{FAE04EC0-301F-11D3-BF4B-00C04F79EFBC}") = "SitecoreThreeManCrew.Web", "SitecoreThreeManCrew.Web\SitecoreThreeManCrew.Web.csproj", "{3EFEDE1C-D7A7-4DB2-8B0D-831E2CE48B9B}"
EndProject
Project("{FAE04EC0-301F-11D3-BF4B-00C04F79EFBC}") = "SitecoreThreeManCrew.Web.Tests", "SitecoreThreeManCrew.Web.Tests\SitecoreThreeManCrew.Web.Tests.csproj", "{01AC60C3-6051-4282-9798-7464AD8D0D78}"
EndProject
Project("{2150E333-8FDC-42A3-9474-1A3956D46DE8}") = ".tds", ".tds", "{A1BE6DFA-D416-42F2-A48D-694FFF0544F2}"
	ProjectSection(SolutionItems) = preProject
		TdsGlobal.config = TdsGlobal.config
	EndProjectSection
EndProject
Project("{CAA73BB0-EF22-4D79-A57E-DF67B3BA9C80}") = "SitecoreThreeManCrew.TDS-Master", "SitecoreThreeManCrew.TDS-Master\SitecoreThreeManCrew.TDS-Master.scproj", "{DA1D31F1-1BEF-4368-8A19-A084DCA5F0E8}"
EndProject
Global
	GlobalSection(SolutionConfigurationPlatforms) = preSolution
		Debug|Any CPU = Debug|Any CPU
		Release|Any CPU = Release|Any CPU
	EndGlobalSection
	GlobalSection(ProjectConfigurationPlatforms) = postSolution
		{3EFEDE1C-D7A7-4DB2-8B0D-831E2CE48B9B}.Debug|Any CPU.ActiveCfg = Debug|Any CPU
		{3EFEDE1C-D7A7-4DB2-8B0D-831E2CE48B9B}.Debug|Any CPU.Build.0 = Debug|Any CPU
		{3EFEDE1C-D7A7-4DB2-8B0D-831E2CE48B9B}.Release|Any CPU.ActiveCfg = Release|Any CPU
		{3EFEDE1C-D7A7-4DB2-8B0D-831E2CE48B9B}.Release|Any CPU.Build.0 = Release|Any CPU
		{01AC60C3-6051-4282-9798-7464AD8D0D78}.Debug|Any CPU.ActiveCfg = Debug|Any CPU
		{01AC60C3-6051-4282-9798-7464AD8D0D78}.Debug|Any CPU.Build.0 = Debug|Any CPU
		{01AC60C3-6051-4282-9798-7464AD8D0D78}.Release|Any CPU.ActiveCfg = Release|Any CPU
		{01AC60C3-6051-4282-9798-7464AD8D0D78}.Release|Any CPU.Build.0 = Release|Any CPU
		{DA1D31F1-1BEF-4368-8A19-A084DCA5F0E8}.Debug|Any CPU.ActiveCfg = Debug|Any CPU
		{DA1D31F1-1BEF-4368-8A19-A084DCA5F0E8}.Debug|Any CPU.Build.0 = Debug|Any CPU
		{DA1D31F1-1BEF-4368-8A19-A084DCA5F0E8}.Debug|Any CPU.Deploy.0 = Debug|Any CPU
		{DA1D31F1-1BEF-4368-8A19-A084DCA5F0E8}.Release|Any CPU.ActiveCfg = Release|Any CPU
		{DA1D31F1-1BEF-4368-8A19-A084DCA5F0E8}.Release|Any CPU.Build.0 = Release|Any CPU
		{DA1D31F1-1BEF-4368-8A19-A084DCA5F0E8}.Release|Any CPU.Deploy.0 = Release|Any CPU
	EndGlobalSection
	GlobalSection(SolutionProperties) = preSolution
		HideSolutionNode = FALSE
	EndGlobalSection
EndGlobal
